{
    "_readme": [
        "This file locks the dependencies of your project to a known state",
        "Read more about it at https://getcomposer.org/doc/01-basic-usage.md#installing-dependencies",
        "This file is @generated automatically"
    ],
    "content-hash": "c248fa0880737f1dda702ee8cfb1508f",
    "packages": [
        {
            "name": "kanxpack/curlget",
            "version": "v1.0.2",
            "source": {
                "type": "git",
                "url": "https://github.com/Kanxpack/CurlGet.git",
                "reference": "394d6b1819625c78518b1c06e40345e17c42a26c"
            },
            "dist": {
                "type": "zip",
                "url": "https://api.github.com/repos/Kanxpack/CurlGet/zipball/394d6b1819625c78518b1c06e40345e17c42a26c",
                "reference": "394d6b1819625c78518b1c06e40345e17c42a26c",
                "shasum": ""
            },
            "type": "library",
            "autoload": {
                "psr-4": {
                    "Kanxpack\\CurlGet\\": "src/"
                }
            },
            "notification-url": "https://packagist.org/downloads/",
            "license": [
                "MIT"
            ],
            "authors": [
                {
                    "name": "Marco Monteiro"
                }
            ],
            "description": "Simple PHP cUrl Get API",
            "support": {
                "issues": "https://github.com/Kanxpack/CurlGet/issues",
                "source": "https://github.com/Kanxpack/CurlGet/tree/v1.0.2"
            },
            "time": "2025-10-24T16:23:01+00:00"
        },
        {
            "name": "kanxpack/rapidapiclient",
            "version": "v1.0.2",
            "source": {
                "type": "git",
                "url": "https://github.com/Kanxpack/RapidAPIClient.git",
                "reference": "715bdba09998464e1bf69ec086b332f7aa655f7f"
            },
            "dist": {
                "type": "zip",
                "url": "https://api.github.com/repos/Kanxpack/RapidAPIClient/zipball/715bdba09998464e1bf69ec086b332f7aa655f7f",
                "reference": "715bdba09998464e1bf69ec086b332f7aa655f7f",
                "shasum": ""
            },
            "require": {
                "kanxpack/curlget": "^1.0"
            },
            "type": "library",
            "autoload": {
                "psr-4": {
                    "Kanxpack\\RapidAPIClient\\": "src/"
                }
            },
            "notification-url": "https://packagist.org/downloads/",
            "license": [
                "MIT"
            ],
            "authors": [
                {
                    "name": "Marco Monteiro"
                }
            ],
            "description": "A simple Rapidapi.com API client in PHP",
            "support": {
                "issues": "https://github.com/Kanxpack/RapidAPIClient/issues",
                "source": "https://github.com/Kanxpack/RapidAPIClient/tree/v1.0.2"
            },
            "time": "2025-10-29T21:07:03+00:00"
        }
    ],
    "packages-dev": [],
    "aliases": [],
    "minimum-stability": "stable",
    "stability-flags": [],
    "prefer-stable": false,
    "prefer-lowest": false,
    "platform": [],
    "platform-dev": [],
    "plugin-api-version": "2.3.0"
}
